<?xml version="1.0" encoding="utf-8"?>
<Project ToolsVersion="4.0" xmlns="http://schemas.microsoft.com/developer/msbuild/2003">
  <ItemGroup>
    <Filter Include="Source Files">
      <UniqueIdentifier>{4FC737F1-C7A5-4376-A066-2A32D752A2FF}</UniqueIdentifier>
      <Extensions>cpp;c;cc;cxx;c++;cppm;ixx;def;odl;idl;hpj;bat;asm;asmx</Extensions>
    </Filter>
    <Filter Include="Header Files">
      <UniqueIdentifier>{93995380-89BD-4b04-88EB-625FBE52EBFB}</UniqueIdentifier>
      <Extensions>h;hh;hpp;hxx;h++;hm;inl;inc;ipp;xsd</Extensions>
    </Filter>
    <Filter Include="Resource Files">
      <UniqueIdentifier>{67DA6AB6-F800-4c08-8B7A-83BB121AAD01}</UniqueIdentifier>
      <Extensions>rc;ico;cur;bmp;dlg;rc2;rct;bin;rgs;gif;jpg;jpeg;jpe;resx;tiff;tif;png;wav;mfcribbon-ms</Extensions>
    </Filter>
    <Filter Include="Header Files\Dialogs">
      <UniqueIdentifier>{cf59cd66-357c-4d67-9323-b672cc572d50}</UniqueIdentifier>
    </Filter>
    <Filter Include="Header Files\Zen++">
      <UniqueIdentifier>{b5e9d907-baca-44bb-89e6-e160ed19fb5b}</UniqueIdentifier>
    </Filter>
    <Filter Include="Source Files\Zen++">
      <UniqueIdentifier>{9f29a3e0-8946-4035-b9dd-4936c305bd5f}</UniqueIdentifier>
    </Filter>
    <Filter Include="Source Files\Base Classes">
      <UniqueIdentifier>{b98610e9-3c86-4cc7-a6fd-1a73af60456c}</UniqueIdentifier>
    </Filter>
    <Filter Include="Source Files\Dialogs">
      <UniqueIdentifier>{e1e2324f-e6f0-4002-a83b-82669ca12ac2}</UniqueIdentifier>
    </Filter>
    <Filter Include="Header Files\Base Classes">
      <UniqueIdentifier>{67b23c6f-8d44-400c-8718-18422da70a6e}</UniqueIdentifier>
    </Filter>
    <Filter Include="Header Files\Clients">
      <UniqueIdentifier>{bde95b89-8599-4fe3-8ddb-0727df735592}</UniqueIdentifier>
    </Filter>
    <Filter Include="Source Files\Clients">
      <UniqueIdentifier>{fb3e2042-4b3b-4f30-8060-92d035af1207}</UniqueIdentifier>
    </Filter>
    <Filter Include="Header Files\Utilities">
      <UniqueIdentifier>{3f656323-1907-42f6-8f57-e214b6fb784c}</UniqueIdentifier>
    </Filter>
    <Filter Include="Source Files\Utilities">
      <UniqueIdentifier>{98e76aee-25b7-46f7-8711-46156ae60355}</UniqueIdentifier>
    </Filter>
  </ItemGroup>
  <ItemGroup>
    <ClInclude Include="Precomp.h">
      <Filter>Header Files\Zen++</Filter>
    </ClInclude>
    <ClInclude Include="Program.h">
      <Filter>Header Files\Zen++</Filter>
    </ClInclude>
    <ClInclude Include="resource.h">
      <Filter>Header Files\Zen++</Filter>
    </ClInclude>
    <ClInclude Include="MainDialog.h">
      <Filter>Header Files\Dialogs</Filter>
    </ClInclude>
    <ClInclude Include="Constants.h">
      <Filter>Header Files\Zen++</Filter>
    </ClInclude>
    <ClInclude Include="BuildDateTime.h">
      <Filter>Header Files\Zen++</Filter>
    </ClInclude>
    <ClInclude Include="AboutDialog.h">
      <Filter>Header Files\Dialogs</Filter>
    </ClInclude>
    <ClInclude Include="DialogBase.h">
      <Filter>Header Files\Base Classes</Filter>
    </ClInclude>
    <ClInclude Include="HttpSessionBase.h">
      <Filter>Header Files\Base Classes</Filter>
    </ClInclude>
    <ClInclude Include="DeviceLocatorBase.h">
      <Filter>Header Files\Base Classes</Filter>
    </ClInclude>
    <ClInclude Include="WinUsbBase.h">
      <Filter>Header Files\Base Classes</Filter>
    </ClInclude>
    <ClInclude Include="DfuController.h">
      <Filter>Header Files\Clients</Filter>
    </ClInclude>
    <ClInclude Include="VersionCheck.h">
      <Filter>Header Files\Clients</Filter>
    </ClInclude>
    <ClInclude Include="ResourceFile.h">
      <Filter>Header Files\Utilities</Filter>
    </ClInclude>
    <ClInclude Include="SemanticVersion.h">
      <Filter>Header Files\Utilities</Filter>
    </ClInclude>
    <ClInclude Include="File.h">
      <Filter>Header Files\Utilities</Filter>
    </ClInclude>
    <ClInclude Include="PopupMenu.h">
      <Filter>Header Files\Utilities</Filter>
    </ClInclude>
    <ClInclude Include="FirmwareDialog.h">
      <Filter>Header Files\Dialogs</Filter>
    </ClInclude>
    <ClInclude Include="FirmwareManager.h">
      <Filter>Header Files\Clients</Filter>
    </ClInclude>
    <ClInclude Include="IoCompletionPortBase.h">
      <Filter>Header Files\Base Classes</Filter>
    </ClInclude>
    <ClInclude Include="HidDeviceBase.h">
      <Filter>Header Files\Base Classes</Filter>
    </ClInclude>
    <ClInclude Include="CronusZen.h">
      <Filter>Header Files\Clients</Filter>
    </ClInclude>
    <ClInclude Include="StoreBuffer.h">
      <Filter>Header Files\Utilities</Filter>
    </ClInclude>
    <ClInclude Include="ParseBuffer.h">
      <Filter>Header Files\Utilities</Filter>
    </ClInclude>
    <ClInclude Include="MkFile.h">
      <Filter>Header Files\Clients</Filter>
    </ClInclude>
    <ClInclude Include="CommandBase.h">
      <Filter>Header Files\Base Classes</Filter>
    </ClInclude>
    <ClInclude Include="CodeDialog.h">
      <Filter>Header Files\Dialogs</Filter>
    </ClInclude>
    <ClInclude Include="Registry.h">
      <Filter>Header Files\Utilities</Filter>
    </ClInclude>
    <ClInclude Include="MkSettingsDialog.h">
      <Filter>Header Files\Dialogs</Filter>
    </ClInclude>
  </ItemGroup>
  <ItemGroup>
    <ClCompile Include="Precomp.cpp">
      <Filter>Source Files\Zen++</Filter>
    </ClCompile>
    <ClCompile Include="WinMain.cpp">
      <Filter>Source Files\Zen++</Filter>
    </ClCompile>
    <ClCompile Include="MainDialog.cpp">
      <Filter>Source Files\Dialogs</Filter>
    </ClCompile>
    <ClCompile Include="Program.cpp">
      <Filter>Source Files\Zen++</Filter>
    </ClCompile>
    <ClCompile Include="AboutDialog.cpp">
      <Filter>Source Files\Dialogs</Filter>
    </ClCompile>
    <ClCompile Include="DialogBase.cpp">
      <Filter>Source Files\Base Classes</Filter>
    </ClCompile>
    <ClCompile Include="HttpSessionBase.cpp">
      <Filter>Source Files\Base Classes</Filter>
    </ClCompile>
    <ClCompile Include="DeviceLocatorBase.cpp">
      <Filter>Source Files\Base Classes</Filter>
    </ClCompile>
    <ClCompile Include="WinUsbBase.cpp">
      <Filter>Source Files\Base Classes</Filter>
    </ClCompile>
    <ClCompile Include="DfuController.cpp">
      <Filter>Source Files\Clients</Filter>
    </ClCompile>
    <ClCompile Include="VersionCheck.cpp">
      <Filter>Source Files\Clients</Filter>
    </ClCompile>
    <ClCompile Include="SemanticVersion.cpp">
      <Filter>Source Files\Utilities</Filter>
    </ClCompile>
    <ClCompile Include="ResourceFile.cpp">
      <Filter>Source Files\Utilities</Filter>
    </ClCompile>
    <ClCompile Include="File.cpp">
      <Filter>Source Files\Utilities</Filter>
    </ClCompile>
    <ClCompile Include="PopupMenu.cpp">
      <Filter>Source Files\Utilities</Filter>
    </ClCompile>
    <ClCompile Include="FirmwareDialog.cpp">
      <Filter>Source Files\Dialogs</Filter>
    </ClCompile>
    <ClCompile Include="FirmwareManager.cpp">
      <Filter>Source Files\Clients</Filter>
    </ClCompile>
    <ClCompile Include="IoCompletionPortBase.cpp">
      <Filter>Source Files\Base Classes</Filter>
    </ClCompile>
    <ClCompile Include="HidDeviceBase.cpp">
      <Filter>Source Files\Base Classes</Filter>
    </ClCompile>
    <ClCompile Include="CronusZen.cpp">
      <Filter>Source Files\Clients</Filter>
    </ClCompile>
    <ClCompile Include="StoreBuffer.cpp">
      <Filter>Source Files\Utilities</Filter>
    </ClCompile>
    <ClCompile Include="ParseBuffer.cpp">
      <Filter>Source Files\Utilities</Filter>
    </ClCompile>
    <ClCompile Include="MkFile.cpp">
      <Filter>Source Files\Clients</Filter>
    </ClCompile>
    <ClCompile Include="CommandBase.cpp">
      <Filter>Source Files\Base Classes</Filter>
    </ClCompile>
    <ClCompile Include="CodeDialog.cpp">
      <Filter>Source Files\Dialogs</Filter>
    </ClCompile>
    <ClCompile Include="Registry.cpp">
      <Filter>Source Files\Utilities</Filter>
    </ClCompile>
    <ClCompile Include="MkSettingsDialog.cpp">
      <Filter>Source Files\Dialogs</Filter>
    </ClCompile>
  </ItemGroup>
  <ItemGroup>
    <ResourceCompile Include="Zen++.rc">
      <Filter>Resource Files</Filter>
    </ResourceCompile>
  </ItemGroup>
  <ItemGroup>
    <Image Include="icon.ico">
      <Filter>Resource Files</Filter>
    </Image>
    <Image Include="FirmwareStep1.bmp">
      <Filter>Resource Files</Filter>
    </Image>
    <Image Include="FirmwareStep2.bmp">
      <Filter>Resource Files</Filter>
    </Image>
  </ItemGroup>
  <ItemGroup>
    <None Include="file1.bin">
      <Filter>Resource Files</Filter>
    </None>
    <None Include="..\ZppUpdater\Release\ZppUpdater.exe" />
  </ItemGroup>
</Project>