
Microsoft Visual Studio Solution File, Format Version 12.00
# Visual Studio Version 17
VisualStudioVersion = 17.5.33627.172
MinimumVisualStudioVersion = 10.0.40219.1
Project("{8BC9CEB8-8B4A-11D0-8D11-00A0C91BC942}") = "Zen++", "Zen++.vcxproj", "{58A776AD-AC78-4EE1-82AB-C55B5D921ABE}"
EndProject
Project("{54435603-DBB4-11D2-8724-00A0C9A8B90C}") = "Installer", "Installer\Installer.vdproj", "{3915D8DA-D00E-47AA-9B2F-CE7E5DC8EDB5}"
EndProject
Global
	GlobalSection(SolutionConfigurationPlatforms) = preSolution
		Debug|x64 = Debug|x64
		Debug|x86 = Debug|x86
		Release|x64 = Release|x64
		Release|x86 = Release|x86
	EndGlobalSection
	GlobalSection(ProjectConfigurationPlatforms) = postSolution
		{58A776AD-AC78-4EE1-82AB-C55B5D921ABE}.Debug|x64.ActiveCfg = Debug|x64
		{58A776AD-AC78-4EE1-82AB-C55B5D921ABE}.Debug|x64.Build.0 = Debug|x64
		{58A776AD-AC78-4EE1-82AB-C55B5D921ABE}.Debug|x86.ActiveCfg = Debug|Win32
		{58A776AD-AC78-4EE1-82AB-C55B5D921ABE}.Debug|x86.Build.0 = Debug|Win32
		{58A776AD-AC78-4EE1-82AB-C55B5D921ABE}.Release|x64.ActiveCfg = Release|x64
		{58A776AD-AC78-4EE1-82AB-C55B5D921ABE}.Release|x64.Build.0 = Release|x64
		{58A776AD-AC78-4EE1-82AB-C55B5D921ABE}.Release|x86.ActiveCfg = Release|Win32
		{58A776AD-AC78-4EE1-82AB-C55B5D921ABE}.Release|x86.Build.0 = Release|Win32
		{3915D8DA-D00E-47AA-9B2F-CE7E5DC8EDB5}.Debug|x64.ActiveCfg = Debug
		{3915D8DA-D00E-47AA-9B2F-CE7E5DC8EDB5}.Debug|x86.ActiveCfg = Debug
		{3915D8DA-D00E-47AA-9B2F-CE7E5DC8EDB5}.Release|x64.ActiveCfg = Release
		{3915D8DA-D00E-47AA-9B2F-CE7E5DC8EDB5}.Release|x86.ActiveCfg = Release
	EndGlobalSection
	GlobalSection(SolutionProperties) = preSolution
		HideSolutionNode = FALSE
	EndGlobalSection
	GlobalSection(ExtensibilityGlobals) = postSolution
		SolutionGuid = {419627B9-1142-47F4-B106-9A89F862F9FD}
	EndGlobalSection
EndGlobal
